
Microsoft Visual Studio Solution File, Format Version 12.00
# Visual Studio Version 17
VisualStudioVersion = 17.0.31903.59
MinimumVisualStudioVersion = 10.0.40219.1
Project("{2150E333-8FDC-42A3-9474-1A3956D46DE8}") = "src", "src", "{6AEC2200-107D-4C90-B033-349595899A59}"
EndProject
Project("{2150E333-8FDC-42A3-9474-1A3956D46DE8}") = "tests", "tests", "{E8D40633-7E3D-4CC8-9ACD-27EE17A8A612}"
EndProject
Project("{FAE04EC0-301F-11D3-BF4B-00C04F79EFBC}") = "Cramming.Knowledge.Domain", "src\Cramming.Knowledge.Domain\Cramming.Knowledge.Domain.csproj", "{C004813A-F635-4674-B509-D6543A44647A}"
EndProject
Project("{FAE04EC0-301F-11D3-BF4B-00C04F79EFBC}") = "Cramming.Knowledge.Application", "src\Cramming.Knowledge.Application\Cramming.Knowledge.Application.csproj", "{0A26FA47-3E82-477E-B661-6DACCECC102B}"
EndProject
Project("{FAE04EC0-301F-11D3-BF4B-00C04F79EFBC}") = "Cramming.Knowledge.Infrastructure", "src\Cramming.Knowledge.Infrastructure\Cramming.Knowledge.Infrastructure.csproj", "{D577B978-F3F7-48E9-B3C3-C7647C613FA0}"
EndProject
Project("{FAE04EC0-301F-11D3-BF4B-00C04F79EFBC}") = "Cramming.Knowledge.API", "src\Cramming.Knowledge.API\Cramming.Knowledge.API.csproj", "{3182362A-BF57-4621-B9C5-5480CCF7DCCA}"
EndProject
Global
	GlobalSection(SolutionConfigurationPlatforms) = preSolution
		Debug|Any CPU = Debug|Any CPU
		Release|Any CPU = Release|Any CPU
	EndGlobalSection
	GlobalSection(ProjectConfigurationPlatforms) = postSolution
		{C004813A-F635-4674-B509-D6543A44647A}.Debug|Any CPU.ActiveCfg = Debug|Any CPU
		{C004813A-F635-4674-B509-D6543A44647A}.Debug|Any CPU.Build.0 = Debug|Any CPU
		{C004813A-F635-4674-B509-D6543A44647A}.Release|Any CPU.ActiveCfg = Release|Any CPU
		{C004813A-F635-4674-B509-D6543A44647A}.Release|Any CPU.Build.0 = Release|Any CPU
		{0A26FA47-3E82-477E-B661-6DACCECC102B}.Debug|Any CPU.ActiveCfg = Debug|Any CPU
		{0A26FA47-3E82-477E-B661-6DACCECC102B}.Debug|Any CPU.Build.0 = Debug|Any CPU
		{0A26FA47-3E82-477E-B661-6DACCECC102B}.Release|Any CPU.ActiveCfg = Release|Any CPU
		{0A26FA47-3E82-477E-B661-6DACCECC102B}.Release|Any CPU.Build.0 = Release|Any CPU
		{D577B978-F3F7-48E9-B3C3-C7647C613FA0}.Debug|Any CPU.ActiveCfg = Debug|Any CPU
		{D577B978-F3F7-48E9-B3C3-C7647C613FA0}.Debug|Any CPU.Build.0 = Debug|Any CPU
		{D577B978-F3F7-48E9-B3C3-C7647C613FA0}.Release|Any CPU.ActiveCfg = Release|Any CPU
		{D577B978-F3F7-48E9-B3C3-C7647C613FA0}.Release|Any CPU.Build.0 = Release|Any CPU
		{3182362A-BF57-4621-B9C5-5480CCF7DCCA}.Debug|Any CPU.ActiveCfg = Debug|Any CPU
		{3182362A-BF57-4621-B9C5-5480CCF7DCCA}.Debug|Any CPU.Build.0 = Debug|Any CPU
		{3182362A-BF57-4621-B9C5-5480CCF7DCCA}.Release|Any CPU.ActiveCfg = Release|Any CPU
		{3182362A-BF57-4621-B9C5-5480CCF7DCCA}.Release|Any CPU.Build.0 = Release|Any CPU
	EndGlobalSection
	GlobalSection(SolutionProperties) = preSolution
		HideSolutionNode = FALSE
	EndGlobalSection
	GlobalSection(NestedProjects) = preSolution
		{C004813A-F635-4674-B509-D6543A44647A} = {6AEC2200-107D-4C90-B033-349595899A59}
		{0A26FA47-3E82-477E-B661-6DACCECC102B} = {6AEC2200-107D-4C90-B033-349595899A59}
		{D577B978-F3F7-48E9-B3C3-C7647C613FA0} = {6AEC2200-107D-4C90-B033-349595899A59}
		{3182362A-BF57-4621-B9C5-5480CCF7DCCA} = {6AEC2200-107D-4C90-B033-349595899A59}
	EndGlobalSection
EndGlobal
